
Microsoft Visual Studio Solution File, Format Version 12.00
# Visual Studio 15
VisualStudioVersion = 15.0.27703.2035
MinimumVisualStudioVersion = 10.0.40219.1
Project("{FAE04EC0-301F-11D3-BF4B-00C04F79EFBC}") = "SOLID.practice", "SOLID.practice\SOLID.practice.csproj", "{FDCBA67B-66B8-4A6F-8B73-832951DB5653}"
EndProject
Project("{FAE04EC0-301F-11D3-BF4B-00C04F79EFBC}") = "SOLID.classes", "SOLID.classes\SOLID.classes.csproj", "{AD532F29-0CC9-4625-BECC-CE6B0B650AD5}"
EndProject
Project("{FAE04EC0-301F-11D3-BF4B-00C04F79EFBC}") = "SOLID.tests", "SOLID.tests\SOLID.tests.csproj", "{B6A82668-9251-452D-BCA7-1A9B6C10B126}"
EndProject
Global
	GlobalSection(SolutionConfigurationPlatforms) = preSolution
		Debug|Any CPU = Debug|Any CPU
		Release|Any CPU = Release|Any CPU
	EndGlobalSection
	GlobalSection(ProjectConfigurationPlatforms) = postSolution
		{FDCBA67B-66B8-4A6F-8B73-832951DB5653}.Debug|Any CPU.ActiveCfg = Debug|Any CPU
		{FDCBA67B-66B8-4A6F-8B73-832951DB5653}.Debug|Any CPU.Build.0 = Debug|Any CPU
		{FDCBA67B-66B8-4A6F-8B73-832951DB5653}.Release|Any CPU.ActiveCfg = Release|Any CPU
		{FDCBA67B-66B8-4A6F-8B73-832951DB5653}.Release|Any CPU.Build.0 = Release|Any CPU
		{AD532F29-0CC9-4625-BECC-CE6B0B650AD5}.Debug|Any CPU.ActiveCfg = Debug|Any CPU
		{AD532F29-0CC9-4625-BECC-CE6B0B650AD5}.Debug|Any CPU.Build.0 = Debug|Any CPU
		{AD532F29-0CC9-4625-BECC-CE6B0B650AD5}.Release|Any CPU.ActiveCfg = Release|Any CPU
		{AD532F29-0CC9-4625-BECC-CE6B0B650AD5}.Release|Any CPU.Build.0 = Release|Any CPU
		{B6A82668-9251-452D-BCA7-1A9B6C10B126}.Debug|Any CPU.ActiveCfg = Debug|Any CPU
		{B6A82668-9251-452D-BCA7-1A9B6C10B126}.Debug|Any CPU.Build.0 = Debug|Any CPU
		{B6A82668-9251-452D-BCA7-1A9B6C10B126}.Release|Any CPU.ActiveCfg = Release|Any CPU
		{B6A82668-9251-452D-BCA7-1A9B6C10B126}.Release|Any CPU.Build.0 = Release|Any CPU
	EndGlobalSection
	GlobalSection(SolutionProperties) = preSolution
		HideSolutionNode = FALSE
	EndGlobalSection
	GlobalSection(ExtensibilityGlobals) = postSolution
		SolutionGuid = {EFC20BEE-AE03-49E6-821C-0515DA3F2474}
	EndGlobalSection
EndGlobal
